// !$*UTF8*$!
{
	archiveVersion = 1;
	classes = {
	};
	objectVersion = 50;
	objects = {

/* Begin PBXBuildFile section */
		B0FFDBD122D94E3700471969 /* AppDelegate.swift in Sources */ = {isa = PBXBuildFile; fileRef = B0FFDBD022D94E3700471969 /* AppDelegate.swift */; };
		B0FFDBD322D94E3700471969 /* SceneDelegate.swift in Sources */ = {isa = PBXBuildFile; fileRef = B0FFDBD222D94E3700471969 /* SceneDelegate.swift */; };
		B0FFDBD522D94E3700471969 /* ContentView.swift in Sources */ = {isa = PBXBuildFile; fileRef = B0FFDBD422D94E3700471969 /* ContentView.swift */; };
		B0FFDBD722D94E3800471969 /* Assets.xcassets in Resources */ = {isa = PBXBuildFile; fileRef = B0FFDBD622D94E3800471969 /* Assets.xcassets */; };
		B0FFDBDA22D94E3800471969 /* Preview Assets.xcassets in Resources */ = {isa = PBXBuildFile; fileRef = B0FFDBD922D94E3800471969 /* Preview Assets.xcassets */; };
		B0FFDBDD22D94E3800471969 /* LaunchScreen.storyboard in Resources */ = {isa = PBXBuildFile; fileRef = B0FFDBDB22D94E3800471969 /* LaunchScreen.storyboard */; };
		B0FFDBE522DA352E00471969 /* SlideOverCard.swift in Sources */ = {isa = PBXBuildFile; fileRef = B0FFDBE422DA352E00471969 /* SlideOverCard.swift */; };
		B0FFDBE722DA362300471969 /* Handle.swift in Sources */ = {isa = PBXBuildFile; fileRef = B0FFDBE622DA362300471969 /* Handle.swift */; };
		B0FFDBE922DA368400471969 /* MapView.swift in Sources */ = {isa = PBXBuildFile; fileRef = B0FFDBE822DA368400471969 /* MapView.swift */; };
/* End PBXBuildFile section */

/* Begin PBXFileReference section */
		B0FFDBCD22D94E3700471969 /* Day 003 - Slide Over Card.app */ = {isa = PBXFileReference; explicitFileType = wrapper.application; includeInIndex = 0; path = "Day 003 - Slide Over Card.app"; sourceTree = BUILT_PRODUCTS_DIR; };
		B0FFDBD022D94E3700471969 /* AppDelegate.swift */ = {isa = PBXFileReference; lastKnownFileType = sourcecode.swift; path = AppDelegate.swift; sourceTree = "<group>"; };
		B0FFDBD222D94E3700471969 /* SceneDelegate.swift */ = {isa = PBXFileReference; lastKnownFileType = sourcecode.swift; path = SceneDelegate.swift; sourceTree = "<group>"; };
		B0FFDBD422D94E3700471969 /* ContentView.swift */ = {isa = PBXFileReference; lastKnownFileType = sourcecode.swift; path = ContentView.swift; sourceTree = "<group>"; };
		B0FFDBD622D94E3800471969 /* Assets.xcassets */ = {isa = PBXFileReference; lastKnownFileType = folder.assetcatalog; path = Assets.xcassets; sourceTree = "<group>"; };
		B0FFDBD922D94E3800471969 /* Preview Assets.xcassets */ = {isa = PBXFileReference; lastKnownFileType = folder.assetcatalog; path = "Preview Assets.xcassets"; sourceTree = "<group>"; };
		B0FFDBDC22D94E3800471969 /* Base */ = {isa = PBXFileReference; lastKnownFileType = file.storyboard; name = Base; path = Base.lproj/LaunchScreen.storyboard; sourceTree = "<group>"; };
		B0FFDBDE22D94E3800471969 /* Info.plist */ = {isa = PBXFileReference; lastKnownFileType = text.plist.xml; path = Info.plist; sourceTree = "<group>"; };
		B0FFDBE422DA352E00471969 /* SlideOverCard.swift */ = {isa = PBXFileReference; lastKnownFileType = sourcecode.swift; path = SlideOverCard.swift; sourceTree = "<group>"; };
		B0FFDBE622DA362300471969 /* Handle.swift */ = {isa = PBXFileReference; lastKnownFileType = sourcecode.swift; path = Handle.swift; sourceTree = "<group>"; };
		B0FFDBE822DA368400471969 /* MapView.swift */ = {isa = PBXFileReference; lastKnownFileType = sourcecode.swift; path = MapView.swift; sourceTree = "<group>"; };
/* End PBXFileReference section */

/* Begin PBXFrameworksBuildPhase section */
		B0FFDBCA22D94E3700471969 /* Frameworks */ = {
			isa = PBXFrameworksBuildPhase;
			buildActionMask = 2147483647;
			files = (
			);
			runOnlyForDeploymentPostprocessing = 0;
		};
/* End PBXFrameworksBuildPhase section */

/* Begin PBXGroup section */
		B0FFDBC422D94E3700471969 = {
			isa = PBXGroup;
			children = (
				B0FFDBCF22D94E3700471969 /* Day 003 - Slide Over Card */,
				B0FFDBCE22D94E3700471969 /* Products */,
			);
			sourceTree = "<group>";
		};
		B0FFDBCE22D94E3700471969 /* Products */ = {
			isa = PBXGroup;
			children = (
				B0FFDBCD22D94E3700471969 /* Day 003 - Slide Over Card.app */,
			);
			name = Products;
			sourceTree = "<group>";
		};
		B0FFDBCF22D94E3700471969 /* Day 003 - Slide Over Card */ = {
			isa = PBXGroup;
			children = (
				B0FFDBD022D94E3700471969 /* AppDelegate.swift */,
				B0FFDBD222D94E3700471969 /* SceneDelegate.swift */,
				B0FFDBD422D94E3700471969 /* ContentView.swift */,
				B0FFDBE622DA362300471969 /* Handle.swift */,
				B0FFDBE822DA368400471969 /* MapView.swift */,
				B0FFDBE422DA352E00471969 /* SlideOverCard.swift */,
				B0FFDBD622D94E3800471969 /* Assets.xcassets */,
				B0FFDBDB22D94E3800471969 /* LaunchScreen.storyboard */,
				B0FFDBDE22D94E3800471969 /* Info.plist */,
				B0FFDBD822D94E3800471969 /* Preview Content */,
			);
			path = "Day 003 - Slide Over Card";
			sourceTree = "<group>";
		};
		B0FFDBD822D94E3800471969 /* Preview Content */ = {
			isa = PBXGroup;
			children = (
				B0FFDBD922D94E3800471969 /* Preview Assets.xcassets */,
			);
			path = "Preview Content";
			sourceTree = "<group>";
		};
/* End PBXGroup section */

/* Begin PBXNativeTarget section */
		B0FFDBCC22D94E3700471969 /* Day 003 - Slide Over Card */ = {
			isa = PBXNativeTarget;
			buildConfigurationList = B0FFDBE122D94E3800471969 /* Build configuration list for PBXNativeTarget "Day 003 - Slide Over Card" */;
			buildPhases = (
				B0FFDBC922D94E3700471969 /* Sources */,
				B0FFDBCA22D94E3700471969 /* Frameworks */,
				B0FFDBCB22D94E3700471969 /* Resources */,
			);
			buildRules = (
			);
			dependencies = (
			);
			name = "Day 003 - Slide Over Card";
			productName = "Day 003 - Slide Over Card";
			productReference = B0FFDBCD22D94E3700471969 /* Day 003 - Slide Over Card.app */;
			productType = "com.apple.product-type.application";
		};
/* End PBXNativeTarget section */

/* Begin PBXProject section */
		B0FFDBC522D94E3700471969 /* Project object */ = {
			isa = PBXProject;
			attributes = {
				LastSwiftUpdateCheck = 1100;
				LastUpgradeCheck = 1100;
				ORGANIZATIONNAME = "Floppy Hat, LLC";
				TargetAttributes = {
					B0FFDBCC22D94E3700471969 = {
						CreatedOnToolsVersion = 11.0;
					};
				};
			};
			buildConfigurationList = B0FFDBC822D94E3700471969 /* Build configuration list for PBXProject "Day 003 - Slide Over Card" */;
			compatibilityVersion = "Xcode 9.3";
			developmentRegion = en;
			hasScannedForEncodings = 0;
			knownRegions = (
				en,
				Base,
			);
			mainGroup = B0FFDBC422D94E3700471969;
			productRefGroup = B0FFDBCE22D94E3700471969 /* Products */;
			projectDirPath = "";
			projectRoot = "";
			targets = (
				B0FFDBCC22D94E3700471969 /* Day 003 - Slide Over Card */,
			);
		};
/* End PBXProject section */

/* Begin PBXResourcesBuildPhase section */
		B0FFDBCB22D94E3700471969 /* Resources */ = {
			isa = PBXResourcesBuildPhase;
			buildActionMask = 2147483647;
			files = (
				B0FFDBDD22D94E3800471969 /* LaunchScreen.storyboard in Resources */,
				B0FFDBDA22D94E3800471969 /* Preview Assets.xcassets in Resources */,
				B0FFDBD722D94E3800471969 /* Assets.xcassets in Resources */,
			);
			runOnlyForDeploymentPostprocessing = 0;
		};
/* End PBXResourcesBuildPhase section */

/* Begin PBXSourcesBuildPhase section */
		B0FFDBC922D94E3700471969 /* Sources */ = {
			isa = PBXSourcesBuildPhase;
			buildActionMask = 2147483647;
			files = (
				B0FFDBD122D94E3700471969 /* AppDelegate.swift in Sources */,
				B0FFDBE922DA368400471969 /* MapView.swift in Sources */,
				B0FFDBE522DA352E00471969 /* SlideOverCard.swift in Sources */,
				B0FFDBE722DA362300471969 /* Handle.swift in Sources */,
				B0FFDBD322D94E3700471969 /* SceneDelegate.swift in Sources */,
				B0FFDBD522D94E3700471969 /* ContentView.swift in Sources */,
			);
			runOnlyForDeploymentPostprocessing = 0;
		};
/* End PBXSourcesBuildPhase section */

/* Begin PBXVariantGroup section */
		B0FFDBDB22D94E3800471969 /* LaunchScreen.storyboard */ = {
			isa = PBXVariantGroup;
			children = (
				B0FFDBDC22D94E3800471969 /* Base */,
			);
			name = LaunchScreen.storyboard;
			sourceTree = "<group>";
		};
/* End PBXVariantGroup section */

/* Begin XCBuildConfiguration section */
		B0FFDBDF22D94E3800471969 /* Debug */ = {
			isa = XCBuildConfiguration;
			buildSettings = {
				ALWAYS_SEARCH_USER_PATHS = NO;
				CLANG_ANALYZER_NONNULL = YES;
				CLANG_ANALYZER_NUMBER_OBJECT_CONVERSION = YES_AGGRESSIVE;
				CLANG_CXX_LANGUAGE_STANDARD = "gnu++14";
				CLANG_CXX_LIBRARY = "libc++";
				CLANG_ENABLE_MODULES = YES;
				CLANG_ENABLE_OBJC_ARC = YES;
				CLANG_ENABLE_OBJC_WEAK = YES;
				CLANG_WARN_BLOCK_CAPTURE_AUTORELEASING = YES;
				CLANG_WARN_BOOL_CONVERSION = YES;
				CLANG_WARN_COMMA = YES;
				CLANG_WARN_CONSTANT_CONVERSION = YES;
				CLANG_WARN_DEPRECATED_OBJC_IMPLEMENTATIONS = YES;
				CLANG_WARN_DIRECT_OBJC_ISA_USAGE = YES_ERROR;
				CLANG_WARN_DOCUMENTATION_COMMENTS = YES;
				CLANG_WARN_EMPTY_BODY = YES;
				CLANG_WARN_ENUM_CONVERSION = YES;
				CLANG_WARN_INFINITE_RECURSION = YES;
				CLANG_WARN_INT_CONVERSION = YES;
				CLANG_WARN_NON_LITERAL_NULL_CONVERSION = YES;
				CLANG_WARN_OBJC_IMPLICIT_RETAIN_SELF = YES;
				CLANG_WARN_OBJC_LITERAL_CONVERSION = YES;
				CLANG_WARN_OBJC_ROOT_CLASS = YES_ERROR;
				CLANG_WARN_RANGE_LOOP_ANALYSIS = YES;
				CLANG_WARN_STRICT_PROTOTYPES = YES;
				CLANG_WARN_SUSPICIOUS_MOVE = YES;
				CLANG_WARN_UNGUARDED_AVAILABILITY = YES_AGGRESSIVE;
				CLANG_WARN_UNREACHABLE_CODE = YES;
				CLANG_WARN__DUPLICATE_METHOD_MATCH = YES;
				COPY_PHASE_STRIP = NO;
				DEBUG_INFORMATION_FORMAT = dwarf;
				ENABLE_STRICT_OBJC_MSGSEND = YES;
				ENABLE_TESTABILITY = YES;
				GCC_C_LANGUAGE_STANDARD = gnu11;
				GCC_DYNAMIC_NO_PIC = NO;
				GCC_NO_COMMON_BLOCKS = YES;
				GCC_OPTIMIZATION_LEVEL = 0;
				GCC_PREPROCESSOR_DEFINITIONS = (
					"DEBUG=1",
					"$(inherited)",
				);
				GCC_WARN_64_TO_32_BIT_CONVERSION = YES;
				GCC_WARN_ABOUT_RETURN_TYPE = YES_ERROR;
				GCC_WARN_UNDECLARED_SELECTOR = YES;
				GCC_WARN_UNINITIALIZED_AUTOS = YES_AGGRESSIVE;
				GCC_WARN_UNUSED_FUNCTION = YES;
				GCC_WARN_UNUSED_VARIABLE = YES;
				IPHONEOS_DEPLOYMENT_TARGET = 13.0;
				MTL_ENABLE_DEBUG_INFO = INCLUDE_SOURCE;
				MTL_FAST_MATH = YES;
				ONLY_ACTIVE_ARCH = YES;
				SDKROOT = iphoneos;
				SWIFT_ACTIVE_COMPILATION_CONDITIONS = DEBUG;
				SWIFT_OPTIMIZATION_LEVEL = "-Onone";
			};
			name = Debug;
		};
		B0FFDBE022D94E3800471969 /* Release */ = {
			isa = XCBuildConfiguration;
			buildSettings = {
				ALWAYS_SEARCH_USER_PATHS = NO;
				CLANG_ANALYZER_NONNULL = YES;
				CLANG_ANALYZER_NUMBER_OBJECT_CONVERSION = YES_AGGRESSIVE;
				CLANG_CXX_LANGUAGE_STANDARD = "gnu++14";
				CLANG_CXX_LIBRARY = "libc++";
				CLANG_ENABLE_MODULES = YES;
				CLANG_ENABLE_OBJC_ARC = YES;
				CLANG_ENABLE_OBJC_WEAK = YES;
				CLANG_WARN_BLOCK_CAPTURE_AUTORELEASING = YES;
				CLANG_WARN_BOOL_CONVERSION = YES;
				CLANG_WARN_COMMA = YES;
				CLANG_WARN_CONSTANT_CONVERSION = YES;
				CLANG_WARN_DEPRECATED_OBJC_IMPLEMENTATIONS = YES;
				CLANG_WARN_DIRECT_OBJC_ISA_USAGE = YES_ERROR;
				CLANG_WARN_DOCUMENTATION_COMMENTS = YES;
				CLANG_WARN_EMPTY_BODY = YES;
				CLANG_WARN_ENUM_CONVERSION = YES;
				CLANG_WARN_INFINITE_RECURSION = YES;
				CLANG_WARN_INT_CONVERSION = YES;
				CLANG_WARN_NON_LITERAL_NULL_CONVERSION = YES;
				CLANG_WARN_OBJC_IMPLICIT_RETAIN_SELF = YES;
				CLANG_WARN_OBJC_LITERAL_CONVERSION = YES;
				CLANG_WARN_OBJC_ROOT_CLASS = YES_ERROR;
				CLANG_WARN_RANGE_LOOP_ANALYSIS = YES;
				CLANG_WARN_STRICT_PROTOTYPES = YES;
				CLANG_WARN_SUSPICIOUS_MOVE = YES;
				CLANG_WARN_UNGUARDED_AVAILABILITY = YES_AGGRESSIVE;
				CLANG_WARN_UNREACHABLE_CODE = YES;
				CLANG_WARN__DUPLICATE_METHOD_MATCH = YES;
				COPY_PHASE_STRIP = NO;
				DEBUG_INFORMATION_FORMAT = "dwarf-with-dsym";
				ENABLE_NS_ASSERTIONS = NO;
				ENABLE_STRICT_OBJC_MSGSEND = YES;
				GCC_C_LANGUAGE_STANDARD = gnu11;
				GCC_NO_COMMON_BLOCKS = YES;
				GCC_WARN_64_TO_32_BIT_CONVERSION = YES;
				GCC_WARN_ABOUT_RETURN_TYPE = YES_ERROR;
				GCC_WARN_UNDECLARED_SELECTOR = YES;
				GCC_WARN_UNINITIALIZED_AUTOS = YES_AGGRESSIVE;
				GCC_WARN_UNUSED_FUNCTION = YES;
				GCC_WARN_UNUSED_VARIABLE = YES;
				IPHONEOS_DEPLOYMENT_TARGET = 13.0;
				MTL_ENABLE_DEBUG_INFO = NO;
				MTL_FAST_MATH = YES;
				SDKROOT = iphoneos;
				SWIFT_COMPILATION_MODE = wholemodule;
				SWIFT_OPTIMIZATION_LEVEL = "-O";
				VALIDATE_PRODUCT = YES;
			};
			name = Release;
		};
		B0FFDBE222D94E3800471969 /* Debug */ = {
			isa = XCBuildConfiguration;
			buildSettings = {
				ASSETCATALOG_COMPILER_APPICON_NAME = AppIcon;
				CODE_SIGN_STYLE = Automatic;
				DEVELOPMENT_ASSET_PATHS = "\"Day 003 - Slide Over Card\"/Preview\\ Content";
				DEVELOPMENT_TEAM = 6Y33CRE77K;
				ENABLE_PREVIEWS = YES;
				INFOPLIST_FILE = "Day 003 - Slide Over Card/Info.plist";
				LD_RUNPATH_SEARCH_PATHS = (
					"$(inherited)",
					"@executable_path/Frameworks",
				);
				PRODUCT_BUNDLE_IDENTIFIER = "com.floppyhat.Day-003---Slide-Over-Card";
				PRODUCT_NAME = "$(TARGET_NAME)";
				SWIFT_VERSION = 5.0;
				TARGETED_DEVICE_FAMILY = "1,2";
			};
			name = Debug;
		};
		B0FFDBE322D94E3800471969 /* Release */ = {
			isa = XCBuildConfiguration;
			buildSettings = {
				ASSETCATALOG_COMPILER_APPICON_NAME = AppIcon;
				CODE_SIGN_STYLE = Automatic;
				DEVELOPMENT_ASSET_PATHS = "\"Day 003 - Slide Over Card\"/Preview\\ Content";
				DEVELOPMENT_TEAM = 6Y33CRE77K;
				ENABLE_PREVIEWS = YES;
				INFOPLIST_FILE = "Day 003 - Slide Over Card/Info.plist";
				LD_RUNPATH_SEARCH_PATHS = (
					"$(inherited)",
					"@executable_path/Frameworks",
				);
				PRODUCT_BUNDLE_IDENTIFIER = "com.floppyhat.Day-003---Slide-Over-Card";
				PRODUCT_NAME = "$(TARGET_NAME)";
				SWIFT_VERSION = 5.0;
				TARGETED_DEVICE_FAMILY = "1,2";
			};
			name = Release;
		};
/* End XCBuildConfiguration section */

/* Begin XCConfigurationList section */
		B0FFDBC822D94E3700471969 /* Build configuration list for PBXProject "Day 003 - Slide Over Card" */ = {
			isa = XCConfigurationList;
			buildConfigurations = (
				B0FFDBDF22D94E3800471969 /* Debug */,
				B0FFDBE022D94E3800471969 /* Release */,
			);
			defaultConfigurationIsVisible = 0;
			defaultConfigurationName = Release;
		};
		B0FFDBE122D94E3800471969 /* Build configuration list for PBXNativeTarget "Day 003 - Slide Over Card" */ = {
			isa = XCConfigurationList;
			buildConfigurations = (
				B0FFDBE222D94E3800471969 /* Debug */,
				B0FFDBE322D94E3800471969 /* Release */,
			);
			defaultConfigurationIsVisible = 0;
			defaultConfigurationName = Release;
		};
/* End XCConfigurationList section */
	};
	rootObject = B0FFDBC522D94E3700471969 /* Project object */;
}
