// !$*UTF8*$!
{
	archiveVersion = 1;
	classes = {
	};
	objectVersion = 50;
	objects = {

/* Begin PBXBuildFile section */
		B0E43CDF22DA7E1A00E11DDC /* AppDelegate.swift in Sources */ = {isa = PBXBuildFile; fileRef = B0E43CDE22DA7E1A00E11DDC /* AppDelegate.swift */; };
		B0E43CE122DA7E1A00E11DDC /* SceneDelegate.swift in Sources */ = {isa = PBXBuildFile; fileRef = B0E43CE022DA7E1A00E11DDC /* SceneDelegate.swift */; };
		B0E43CE322DA7E1A00E11DDC /* ContentView.swift in Sources */ = {isa = PBXBuildFile; fileRef = B0E43CE222DA7E1A00E11DDC /* ContentView.swift */; };
		B0E43CE522DA7E1C00E11DDC /* Assets.xcassets in Resources */ = {isa = PBXBuildFile; fileRef = B0E43CE422DA7E1C00E11DDC /* Assets.xcassets */; };
		B0E43CE822DA7E1C00E11DDC /* Preview Assets.xcassets in Resources */ = {isa = PBXBuildFile; fileRef = B0E43CE722DA7E1C00E11DDC /* Preview Assets.xcassets */; };
		B0E43CEB22DA7E1C00E11DDC /* LaunchScreen.storyboard in Resources */ = {isa = PBXBuildFile; fileRef = B0E43CE922DA7E1C00E11DDC /* LaunchScreen.storyboard */; };
/* End PBXBuildFile section */

/* Begin PBXFileReference section */
		B0E43CDB22DA7E1A00E11DDC /* Day 008 - Pickers.app */ = {isa = PBXFileReference; explicitFileType = wrapper.application; includeInIndex = 0; path = "Day 008 - Pickers.app"; sourceTree = BUILT_PRODUCTS_DIR; };
		B0E43CDE22DA7E1A00E11DDC /* AppDelegate.swift */ = {isa = PBXFileReference; lastKnownFileType = sourcecode.swift; path = AppDelegate.swift; sourceTree = "<group>"; };
		B0E43CE022DA7E1A00E11DDC /* SceneDelegate.swift */ = {isa = PBXFileReference; lastKnownFileType = sourcecode.swift; path = SceneDelegate.swift; sourceTree = "<group>"; };
		B0E43CE222DA7E1A00E11DDC /* ContentView.swift */ = {isa = PBXFileReference; lastKnownFileType = sourcecode.swift; path = ContentView.swift; sourceTree = "<group>"; };
		B0E43CE422DA7E1C00E11DDC /* Assets.xcassets */ = {isa = PBXFileReference; lastKnownFileType = folder.assetcatalog; path = Assets.xcassets; sourceTree = "<group>"; };
		B0E43CE722DA7E1C00E11DDC /* Preview Assets.xcassets */ = {isa = PBXFileReference; lastKnownFileType = folder.assetcatalog; path = "Preview Assets.xcassets"; sourceTree = "<group>"; };
		B0E43CEA22DA7E1C00E11DDC /* Base */ = {isa = PBXFileReference; lastKnownFileType = file.storyboard; name = Base; path = Base.lproj/LaunchScreen.storyboard; sourceTree = "<group>"; };
		B0E43CEC22DA7E1C00E11DDC /* Info.plist */ = {isa = PBXFileReference; lastKnownFileType = text.plist.xml; path = Info.plist; sourceTree = "<group>"; };
/* End PBXFileReference section */

/* Begin PBXFrameworksBuildPhase section */
		B0E43CD822DA7E1A00E11DDC /* Frameworks */ = {
			isa = PBXFrameworksBuildPhase;
			buildActionMask = 2147483647;
			files = (
			);
			runOnlyForDeploymentPostprocessing = 0;
		};
/* End PBXFrameworksBuildPhase section */

/* Begin PBXGroup section */
		B0E43CD222DA7E1A00E11DDC = {
			isa = PBXGroup;
			children = (
				B0E43CDD22DA7E1A00E11DDC /* Day 008 - Pickers */,
				B0E43CDC22DA7E1A00E11DDC /* Products */,
			);
			sourceTree = "<group>";
		};
		B0E43CDC22DA7E1A00E11DDC /* Products */ = {
			isa = PBXGroup;
			children = (
				B0E43CDB22DA7E1A00E11DDC /* Day 008 - Pickers.app */,
			);
			name = Products;
			sourceTree = "<group>";
		};
		B0E43CDD22DA7E1A00E11DDC /* Day 008 - Pickers */ = {
			isa = PBXGroup;
			children = (
				B0E43CDE22DA7E1A00E11DDC /* AppDelegate.swift */,
				B0E43CE022DA7E1A00E11DDC /* SceneDelegate.swift */,
				B0E43CE222DA7E1A00E11DDC /* ContentView.swift */,
				B0E43CE422DA7E1C00E11DDC /* Assets.xcassets */,
				B0E43CE922DA7E1C00E11DDC /* LaunchScreen.storyboard */,
				B0E43CEC22DA7E1C00E11DDC /* Info.plist */,
				B0E43CE622DA7E1C00E11DDC /* Preview Content */,
			);
			path = "Day 008 - Pickers";
			sourceTree = "<group>";
		};
		B0E43CE622DA7E1C00E11DDC /* Preview Content */ = {
			isa = PBXGroup;
			children = (
				B0E43CE722DA7E1C00E11DDC /* Preview Assets.xcassets */,
			);
			path = "Preview Content";
			sourceTree = "<group>";
		};
/* End PBXGroup section */

/* Begin PBXNativeTarget section */
		B0E43CDA22DA7E1A00E11DDC /* Day 008 - Pickers */ = {
			isa = PBXNativeTarget;
			buildConfigurationList = B0E43CEF22DA7E1C00E11DDC /* Build configuration list for PBXNativeTarget "Day 008 - Pickers" */;
			buildPhases = (
				B0E43CD722DA7E1A00E11DDC /* Sources */,
				B0E43CD822DA7E1A00E11DDC /* Frameworks */,
				B0E43CD922DA7E1A00E11DDC /* Resources */,
			);
			buildRules = (
			);
			dependencies = (
			);
			name = "Day 008 - Pickers";
			productName = "Day 008 - Pickers";
			productReference = B0E43CDB22DA7E1A00E11DDC /* Day 008 - Pickers.app */;
			productType = "com.apple.product-type.application";
		};
/* End PBXNativeTarget section */

/* Begin PBXProject section */
		B0E43CD322DA7E1A00E11DDC /* Project object */ = {
			isa = PBXProject;
			attributes = {
				LastSwiftUpdateCheck = 1100;
				LastUpgradeCheck = 1100;
				ORGANIZATIONNAME = "Floppy Hat, LLC";
				TargetAttributes = {
					B0E43CDA22DA7E1A00E11DDC = {
						CreatedOnToolsVersion = 11.0;
					};
				};
			};
			buildConfigurationList = B0E43CD622DA7E1A00E11DDC /* Build configuration list for PBXProject "Day 008 - Pickers" */;
			compatibilityVersion = "Xcode 9.3";
			developmentRegion = en;
			hasScannedForEncodings = 0;
			knownRegions = (
				en,
				Base,
			);
			mainGroup = B0E43CD222DA7E1A00E11DDC;
			productRefGroup = B0E43CDC22DA7E1A00E11DDC /* Products */;
			projectDirPath = "";
			projectRoot = "";
			targets = (
				B0E43CDA22DA7E1A00E11DDC /* Day 008 - Pickers */,
			);
		};
/* End PBXProject section */

/* Begin PBXResourcesBuildPhase section */
		B0E43CD922DA7E1A00E11DDC /* Resources */ = {
			isa = PBXResourcesBuildPhase;
			buildActionMask = 2147483647;
			files = (
				B0E43CEB22DA7E1C00E11DDC /* LaunchScreen.storyboard in Resources */,
				B0E43CE822DA7E1C00E11DDC /* Preview Assets.xcassets in Resources */,
				B0E43CE522DA7E1C00E11DDC /* Assets.xcassets in Resources */,
			);
			runOnlyForDeploymentPostprocessing = 0;
		};
/* End PBXResourcesBuildPhase section */

/* Begin PBXSourcesBuildPhase section */
		B0E43CD722DA7E1A00E11DDC /* Sources */ = {
			isa = PBXSourcesBuildPhase;
			buildActionMask = 2147483647;
			files = (
				B0E43CDF22DA7E1A00E11DDC /* AppDelegate.swift in Sources */,
				B0E43CE122DA7E1A00E11DDC /* SceneDelegate.swift in Sources */,
				B0E43CE322DA7E1A00E11DDC /* ContentView.swift in Sources */,
			);
			runOnlyForDeploymentPostprocessing = 0;
		};
/* End PBXSourcesBuildPhase section */

/* Begin PBXVariantGroup section */
		B0E43CE922DA7E1C00E11DDC /* LaunchScreen.storyboard */ = {
			isa = PBXVariantGroup;
			children = (
				B0E43CEA22DA7E1C00E11DDC /* Base */,
			);
			name = LaunchScreen.storyboard;
			sourceTree = "<group>";
		};
/* End PBXVariantGroup section */

/* Begin XCBuildConfiguration section */
		B0E43CED22DA7E1C00E11DDC /* Debug */ = {
			isa = XCBuildConfiguration;
			buildSettings = {
				ALWAYS_SEARCH_USER_PATHS = NO;
				CLANG_ANALYZER_NONNULL = YES;
				CLANG_ANALYZER_NUMBER_OBJECT_CONVERSION = YES_AGGRESSIVE;
				CLANG_CXX_LANGUAGE_STANDARD = "gnu++14";
				CLANG_CXX_LIBRARY = "libc++";
				CLANG_ENABLE_MODULES = YES;
				CLANG_ENABLE_OBJC_ARC = YES;
				CLANG_ENABLE_OBJC_WEAK = YES;
				CLANG_WARN_BLOCK_CAPTURE_AUTORELEASING = YES;
				CLANG_WARN_BOOL_CONVERSION = YES;
				CLANG_WARN_COMMA = YES;
				CLANG_WARN_CONSTANT_CONVERSION = YES;
				CLANG_WARN_DEPRECATED_OBJC_IMPLEMENTATIONS = YES;
				CLANG_WARN_DIRECT_OBJC_ISA_USAGE = YES_ERROR;
				CLANG_WARN_DOCUMENTATION_COMMENTS = YES;
				CLANG_WARN_EMPTY_BODY = YES;
				CLANG_WARN_ENUM_CONVERSION = YES;
				CLANG_WARN_INFINITE_RECURSION = YES;
				CLANG_WARN_INT_CONVERSION = YES;
				CLANG_WARN_NON_LITERAL_NULL_CONVERSION = YES;
				CLANG_WARN_OBJC_IMPLICIT_RETAIN_SELF = YES;
				CLANG_WARN_OBJC_LITERAL_CONVERSION = YES;
				CLANG_WARN_OBJC_ROOT_CLASS = YES_ERROR;
				CLANG_WARN_RANGE_LOOP_ANALYSIS = YES;
				CLANG_WARN_STRICT_PROTOTYPES = YES;
				CLANG_WARN_SUSPICIOUS_MOVE = YES;
				CLANG_WARN_UNGUARDED_AVAILABILITY = YES_AGGRESSIVE;
				CLANG_WARN_UNREACHABLE_CODE = YES;
				CLANG_WARN__DUPLICATE_METHOD_MATCH = YES;
				COPY_PHASE_STRIP = NO;
				DEBUG_INFORMATION_FORMAT = dwarf;
				ENABLE_STRICT_OBJC_MSGSEND = YES;
				ENABLE_TESTABILITY = YES;
				GCC_C_LANGUAGE_STANDARD = gnu11;
				GCC_DYNAMIC_NO_PIC = NO;
				GCC_NO_COMMON_BLOCKS = YES;
				GCC_OPTIMIZATION_LEVEL = 0;
				GCC_PREPROCESSOR_DEFINITIONS = (
					"DEBUG=1",
					"$(inherited)",
				);
				GCC_WARN_64_TO_32_BIT_CONVERSION = YES;
				GCC_WARN_ABOUT_RETURN_TYPE = YES_ERROR;
				GCC_WARN_UNDECLARED_SELECTOR = YES;
				GCC_WARN_UNINITIALIZED_AUTOS = YES_AGGRESSIVE;
				GCC_WARN_UNUSED_FUNCTION = YES;
				GCC_WARN_UNUSED_VARIABLE = YES;
				IPHONEOS_DEPLOYMENT_TARGET = 13.0;
				MTL_ENABLE_DEBUG_INFO = INCLUDE_SOURCE;
				MTL_FAST_MATH = YES;
				ONLY_ACTIVE_ARCH = YES;
				SDKROOT = iphoneos;
				SWIFT_ACTIVE_COMPILATION_CONDITIONS = DEBUG;
				SWIFT_OPTIMIZATION_LEVEL = "-Onone";
			};
			name = Debug;
		};
		B0E43CEE22DA7E1C00E11DDC /* Release */ = {
			isa = XCBuildConfiguration;
			buildSettings = {
				ALWAYS_SEARCH_USER_PATHS = NO;
				CLANG_ANALYZER_NONNULL = YES;
				CLANG_ANALYZER_NUMBER_OBJECT_CONVERSION = YES_AGGRESSIVE;
				CLANG_CXX_LANGUAGE_STANDARD = "gnu++14";
				CLANG_CXX_LIBRARY = "libc++";
				CLANG_ENABLE_MODULES = YES;
				CLANG_ENABLE_OBJC_ARC = YES;
				CLANG_ENABLE_OBJC_WEAK = YES;
				CLANG_WARN_BLOCK_CAPTURE_AUTORELEASING = YES;
				CLANG_WARN_BOOL_CONVERSION = YES;
				CLANG_WARN_COMMA = YES;
				CLANG_WARN_CONSTANT_CONVERSION = YES;
				CLANG_WARN_DEPRECATED_OBJC_IMPLEMENTATIONS = YES;
				CLANG_WARN_DIRECT_OBJC_ISA_USAGE = YES_ERROR;
				CLANG_WARN_DOCUMENTATION_COMMENTS = YES;
				CLANG_WARN_EMPTY_BODY = YES;
				CLANG_WARN_ENUM_CONVERSION = YES;
				CLANG_WARN_INFINITE_RECURSION = YES;
				CLANG_WARN_INT_CONVERSION = YES;
				CLANG_WARN_NON_LITERAL_NULL_CONVERSION = YES;
				CLANG_WARN_OBJC_IMPLICIT_RETAIN_SELF = YES;
				CLANG_WARN_OBJC_LITERAL_CONVERSION = YES;
				CLANG_WARN_OBJC_ROOT_CLASS = YES_ERROR;
				CLANG_WARN_RANGE_LOOP_ANALYSIS = YES;
				CLANG_WARN_STRICT_PROTOTYPES = YES;
				CLANG_WARN_SUSPICIOUS_MOVE = YES;
				CLANG_WARN_UNGUARDED_AVAILABILITY = YES_AGGRESSIVE;
				CLANG_WARN_UNREACHABLE_CODE = YES;
				CLANG_WARN__DUPLICATE_METHOD_MATCH = YES;
				COPY_PHASE_STRIP = NO;
				DEBUG_INFORMATION_FORMAT = "dwarf-with-dsym";
				ENABLE_NS_ASSERTIONS = NO;
				ENABLE_STRICT_OBJC_MSGSEND = YES;
				GCC_C_LANGUAGE_STANDARD = gnu11;
				GCC_NO_COMMON_BLOCKS = YES;
				GCC_WARN_64_TO_32_BIT_CONVERSION = YES;
				GCC_WARN_ABOUT_RETURN_TYPE = YES_ERROR;
				GCC_WARN_UNDECLARED_SELECTOR = YES;
				GCC_WARN_UNINITIALIZED_AUTOS = YES_AGGRESSIVE;
				GCC_WARN_UNUSED_FUNCTION = YES;
				GCC_WARN_UNUSED_VARIABLE = YES;
				IPHONEOS_DEPLOYMENT_TARGET = 13.0;
				MTL_ENABLE_DEBUG_INFO = NO;
				MTL_FAST_MATH = YES;
				SDKROOT = iphoneos;
				SWIFT_COMPILATION_MODE = wholemodule;
				SWIFT_OPTIMIZATION_LEVEL = "-O";
				VALIDATE_PRODUCT = YES;
			};
			name = Release;
		};
		B0E43CF022DA7E1C00E11DDC /* Debug */ = {
			isa = XCBuildConfiguration;
			buildSettings = {
				ASSETCATALOG_COMPILER_APPICON_NAME = AppIcon;
				CODE_SIGN_STYLE = Automatic;
				DEVELOPMENT_ASSET_PATHS = "\"Day 008 - Pickers\"/Preview\\ Content";
				DEVELOPMENT_TEAM = 6Y33CRE77K;
				ENABLE_PREVIEWS = YES;
				INFOPLIST_FILE = "Day 008 - Pickers/Info.plist";
				LD_RUNPATH_SEARCH_PATHS = (
					"$(inherited)",
					"@executable_path/Frameworks",
				);
				PRODUCT_BUNDLE_IDENTIFIER = "com.floppyhat.Day-008---Pickers";
				PRODUCT_NAME = "$(TARGET_NAME)";
				SWIFT_VERSION = 5.0;
				TARGETED_DEVICE_FAMILY = "1,2";
			};
			name = Debug;
		};
		B0E43CF122DA7E1C00E11DDC /* Release */ = {
			isa = XCBuildConfiguration;
			buildSettings = {
				ASSETCATALOG_COMPILER_APPICON_NAME = AppIcon;
				CODE_SIGN_STYLE = Automatic;
				DEVELOPMENT_ASSET_PATHS = "\"Day 008 - Pickers\"/Preview\\ Content";
				DEVELOPMENT_TEAM = 6Y33CRE77K;
				ENABLE_PREVIEWS = YES;
				INFOPLIST_FILE = "Day 008 - Pickers/Info.plist";
				LD_RUNPATH_SEARCH_PATHS = (
					"$(inherited)",
					"@executable_path/Frameworks",
				);
				PRODUCT_BUNDLE_IDENTIFIER = "com.floppyhat.Day-008---Pickers";
				PRODUCT_NAME = "$(TARGET_NAME)";
				SWIFT_VERSION = 5.0;
				TARGETED_DEVICE_FAMILY = "1,2";
			};
			name = Release;
		};
/* End XCBuildConfiguration section */

/* Begin XCConfigurationList section */
		B0E43CD622DA7E1A00E11DDC /* Build configuration list for PBXProject "Day 008 - Pickers" */ = {
			isa = XCConfigurationList;
			buildConfigurations = (
				B0E43CED22DA7E1C00E11DDC /* Debug */,
				B0E43CEE22DA7E1C00E11DDC /* Release */,
			);
			defaultConfigurationIsVisible = 0;
			defaultConfigurationName = Release;
		};
		B0E43CEF22DA7E1C00E11DDC /* Build configuration list for PBXNativeTarget "Day 008 - Pickers" */ = {
			isa = XCConfigurationList;
			buildConfigurations = (
				B0E43CF022DA7E1C00E11DDC /* Debug */,
				B0E43CF122DA7E1C00E11DDC /* Release */,
			);
			defaultConfigurationIsVisible = 0;
			defaultConfigurationName = Release;
		};
/* End XCConfigurationList section */
	};
	rootObject = B0E43CD322DA7E1A00E11DDC /* Project object */;
}
